
Microsoft Visual Studio Solution File, Format Version 12.00
# Visual Studio Version 17
VisualStudioVersion = 17.0.31903.59
MinimumVisualStudioVersion = 10.0.40219.1
Project("{8BC9CEB8-8B4A-11D0-8D11-00A0C91BC942}") = "game22", "game22\game22.vcxproj", "{492B2444-DCE9-40E6-83C6-36E7E1EB4BA6}"
EndProject
Global
	GlobalSection(SolutionConfigurationPlatforms) = preSolution
		Debug|x64 = Debug|x64
		Debug|x86 = Debug|x86
		Release|x64 = Release|x64
		Release|x86 = Release|x86
	EndGlobalSection
	GlobalSection(ProjectConfigurationPlatforms) = postSolution
		{492B2444-DCE9-40E6-83C6-36E7E1EB4BA6}.Debug|x64.ActiveCfg = Debug|x64
		{492B2444-DCE9-40E6-83C6-36E7E1EB4BA6}.Debug|x64.Build.0 = Debug|x64
		{492B2444-DCE9-40E6-83C6-36E7E1EB4BA6}.Debug|x86.ActiveCfg = Debug|Win32
		{492B2444-DCE9-40E6-83C6-36E7E1EB4BA6}.Debug|x86.Build.0 = Debug|Win32
		{492B2444-DCE9-40E6-83C6-36E7E1EB4BA6}.Release|x64.ActiveCfg = Release|x64
		{492B2444-DCE9-40E6-83C6-36E7E1EB4BA6}.Release|x64.Build.0 = Release|x64
		{492B2444-DCE9-40E6-83C6-36E7E1EB4BA6}.Release|x86.ActiveCfg = Release|Win32
		{492B2444-DCE9-40E6-83C6-36E7E1EB4BA6}.Release|x86.Build.0 = Release|Win32
	EndGlobalSection
	GlobalSection(SolutionProperties) = preSolution
		HideSolutionNode = FALSE
	EndGlobalSection
	GlobalSection(ExtensibilityGlobals) = postSolution
		SolutionGuid = {D30BD42F-71F5-4458-9D27-EEFC6441312C}
	EndGlobalSection
EndGlobal
